<Solution>
  <Folder Name="/Elementos de la solución/">
    <File Path="docs/Conventions.md" />
    <File Path="docs/Design.md" />
  </Folder>
  <Folder Name="/src/">
    <Project Path="src/RuleKit/RuleKit.csproj" />
  </Folder>
  <Folder Name="/tests/">
    <Project Path="tests/RuleKit.Tests/RuleKit.Tests.csproj" />
  </Folder>
</Solution>
